
Microsoft Visual Studio Solution File, Format Version 12.00
# Visual Studio Version 16
VisualStudioVersion = 16.0.29728.190
MinimumVisualStudioVersion = 10.0.40219.1
Project("{FAE04EC0-301F-11D3-BF4B-00C04F79EFBC}") = "Data", "Data\Data.csproj", "{05EFCC92-1634-414C-9812-3FC42686D7D5}"
EndProject
Project("{FAE04EC0-301F-11D3-BF4B-00C04F79EFBC}") = "Domain", "Domain\Domain.csproj", "{F870DF5C-197A-4F2D-A50A-4C120665B3A6}"
EndProject
Project("{FAE04EC0-301F-11D3-BF4B-00C04F79EFBC}") = "Facade", "Facade\Facade.csproj", "{3EB74F7A-B182-4690-96D8-B97814D9AD6D}"
EndProject
Project("{FAE04EC0-301F-11D3-BF4B-00C04F79EFBC}") = "Infra", "Infra\Infra.csproj", "{8E2BB840-4DCA-4AC3-BAB6-BD1D704A04D3}"
EndProject
Project("{FAE04EC0-301F-11D3-BF4B-00C04F79EFBC}") = "Pages", "Pages\Pages.csproj", "{72E497F6-B89F-4C63-A55B-6DFD48BFE331}"
EndProject
Project("{FAE04EC0-301F-11D3-BF4B-00C04F79EFBC}") = "Soft", "Soft\Soft.csproj", "{13C2A14C-3A9F-4382-B145-91DF67F363E9}"
EndProject
Global
	GlobalSection(SolutionConfigurationPlatforms) = preSolution
		Debug|Any CPU = Debug|Any CPU
		Release|Any CPU = Release|Any CPU
	EndGlobalSection
	GlobalSection(ProjectConfigurationPlatforms) = postSolution
		{05EFCC92-1634-414C-9812-3FC42686D7D5}.Debug|Any CPU.ActiveCfg = Debug|Any CPU
		{05EFCC92-1634-414C-9812-3FC42686D7D5}.Debug|Any CPU.Build.0 = Debug|Any CPU
		{05EFCC92-1634-414C-9812-3FC42686D7D5}.Release|Any CPU.ActiveCfg = Release|Any CPU
		{05EFCC92-1634-414C-9812-3FC42686D7D5}.Release|Any CPU.Build.0 = Release|Any CPU
		{F870DF5C-197A-4F2D-A50A-4C120665B3A6}.Debug|Any CPU.ActiveCfg = Debug|Any CPU
		{F870DF5C-197A-4F2D-A50A-4C120665B3A6}.Debug|Any CPU.Build.0 = Debug|Any CPU
		{F870DF5C-197A-4F2D-A50A-4C120665B3A6}.Release|Any CPU.ActiveCfg = Release|Any CPU
		{F870DF5C-197A-4F2D-A50A-4C120665B3A6}.Release|Any CPU.Build.0 = Release|Any CPU
		{3EB74F7A-B182-4690-96D8-B97814D9AD6D}.Debug|Any CPU.ActiveCfg = Debug|Any CPU
		{3EB74F7A-B182-4690-96D8-B97814D9AD6D}.Debug|Any CPU.Build.0 = Debug|Any CPU
		{3EB74F7A-B182-4690-96D8-B97814D9AD6D}.Release|Any CPU.ActiveCfg = Release|Any CPU
		{3EB74F7A-B182-4690-96D8-B97814D9AD6D}.Release|Any CPU.Build.0 = Release|Any CPU
		{8E2BB840-4DCA-4AC3-BAB6-BD1D704A04D3}.Debug|Any CPU.ActiveCfg = Debug|Any CPU
		{8E2BB840-4DCA-4AC3-BAB6-BD1D704A04D3}.Debug|Any CPU.Build.0 = Debug|Any CPU
		{8E2BB840-4DCA-4AC3-BAB6-BD1D704A04D3}.Release|Any CPU.ActiveCfg = Release|Any CPU
		{8E2BB840-4DCA-4AC3-BAB6-BD1D704A04D3}.Release|Any CPU.Build.0 = Release|Any CPU
		{72E497F6-B89F-4C63-A55B-6DFD48BFE331}.Debug|Any CPU.ActiveCfg = Debug|Any CPU
		{72E497F6-B89F-4C63-A55B-6DFD48BFE331}.Debug|Any CPU.Build.0 = Debug|Any CPU
		{72E497F6-B89F-4C63-A55B-6DFD48BFE331}.Release|Any CPU.ActiveCfg = Release|Any CPU
		{72E497F6-B89F-4C63-A55B-6DFD48BFE331}.Release|Any CPU.Build.0 = Release|Any CPU
		{13C2A14C-3A9F-4382-B145-91DF67F363E9}.Debug|Any CPU.ActiveCfg = Debug|Any CPU
		{13C2A14C-3A9F-4382-B145-91DF67F363E9}.Debug|Any CPU.Build.0 = Debug|Any CPU
		{13C2A14C-3A9F-4382-B145-91DF67F363E9}.Release|Any CPU.ActiveCfg = Release|Any CPU
		{13C2A14C-3A9F-4382-B145-91DF67F363E9}.Release|Any CPU.Build.0 = Release|Any CPU
	EndGlobalSection
	GlobalSection(SolutionProperties) = preSolution
		HideSolutionNode = FALSE
	EndGlobalSection
	GlobalSection(ExtensibilityGlobals) = postSolution
		SolutionGuid = {E995D1A4-DBE9-417A-8DAA-33DEEC873E2A}
	EndGlobalSection
EndGlobal
